
Microsoft Visual Studio Solution File, Format Version 12.00
# Visual Studio Version 16
VisualStudioVersion = 16.0.32106.194
MinimumVisualStudioVersion = 10.0.40219.1
Project("{FAE04EC0-301F-11D3-BF4B-00C04F79EFBC}") = "HelloWorld", "HelloWorld\HelloWorld.csproj", "{252BB354-9566-4041-ACBD-C92671D67FA2}"
EndProject
Global
	GlobalSection(SolutionConfigurationPlatforms) = preSolution
		Debug|Any CPU = Debug|Any CPU
		Release|Any CPU = Release|Any CPU
	EndGlobalSection
	GlobalSection(ProjectConfigurationPlatforms) = postSolution
		{252BB354-9566-4041-ACBD-C92671D67FA2}.Debug|Any CPU.ActiveCfg = Debug|Any CPU
		{252BB354-9566-4041-ACBD-C92671D67FA2}.Debug|Any CPU.Build.0 = Debug|Any CPU
		{252BB354-9566-4041-ACBD-C92671D67FA2}.Release|Any CPU.ActiveCfg = Release|Any CPU
		{252BB354-9566-4041-ACBD-C92671D67FA2}.Release|Any CPU.Build.0 = Release|Any CPU
	EndGlobalSection
	GlobalSection(SolutionProperties) = preSolution
		HideSolutionNode = FALSE
	EndGlobalSection
	GlobalSection(ExtensibilityGlobals) = postSolution
		SolutionGuid = {4D8D9328-253B-4929-A756-B242A392370F}
	EndGlobalSection
EndGlobal
